
Microsoft Visual Studio Solution File, Format Version 12.00
# Visual Studio Version 16
VisualStudioVersion = 16.0.30011.22
MinimumVisualStudioVersion = 10.0.40219.1
Project("{FAE04EC0-301F-11D3-BF4B-00C04F79EFBC}") = "Anfang", "Anfang\Anfang.csproj", "{F8468977-405A-43CB-A368-04D5FCD44F6D}"
EndProject
Global
	GlobalSection(SolutionConfigurationPlatforms) = preSolution
		Debug|Any CPU = Debug|Any CPU
		Release|Any CPU = Release|Any CPU
	EndGlobalSection
	GlobalSection(ProjectConfigurationPlatforms) = postSolution
		{F8468977-405A-43CB-A368-04D5FCD44F6D}.Debug|Any CPU.ActiveCfg = Debug|Any CPU
		{F8468977-405A-43CB-A368-04D5FCD44F6D}.Debug|Any CPU.Build.0 = Debug|Any CPU
		{F8468977-405A-43CB-A368-04D5FCD44F6D}.Release|Any CPU.ActiveCfg = Release|Any CPU
		{F8468977-405A-43CB-A368-04D5FCD44F6D}.Release|Any CPU.Build.0 = Release|Any CPU
	EndGlobalSection
	GlobalSection(SolutionProperties) = preSolution
		HideSolutionNode = FALSE
	EndGlobalSection
	GlobalSection(ExtensibilityGlobals) = postSolution
		SolutionGuid = {5D420F66-FF89-462A-B45D-C158C89E1FE2}
	EndGlobalSection
EndGlobal
