
Microsoft Visual Studio Solution File, Format Version 12.00
# Visual Studio Version 16
VisualStudioVersion = 16.0.31515.178
MinimumVisualStudioVersion = 10.0.40219.1
Project("{FAE04EC0-301F-11D3-BF4B-00C04F79EFBC}") = "ASCIIValue", "ASCIIValue.csproj", "{98968763-4E19-4B4D-AB88-A8C3192720EE}"
EndProject
Global
	GlobalSection(SolutionConfigurationPlatforms) = preSolution
		Debug|Any CPU = Debug|Any CPU
		Release|Any CPU = Release|Any CPU
	EndGlobalSection
	GlobalSection(ProjectConfigurationPlatforms) = postSolution
		{98968763-4E19-4B4D-AB88-A8C3192720EE}.Debug|Any CPU.ActiveCfg = Debug|Any CPU
		{98968763-4E19-4B4D-AB88-A8C3192720EE}.Debug|Any CPU.Build.0 = Debug|Any CPU
		{98968763-4E19-4B4D-AB88-A8C3192720EE}.Release|Any CPU.ActiveCfg = Release|Any CPU
		{98968763-4E19-4B4D-AB88-A8C3192720EE}.Release|Any CPU.Build.0 = Release|Any CPU
	EndGlobalSection
	GlobalSection(SolutionProperties) = preSolution
		HideSolutionNode = FALSE
	EndGlobalSection
	GlobalSection(ExtensibilityGlobals) = postSolution
		SolutionGuid = {DFFD3E06-9300-48F3-862B-1E5A2927E505}
	EndGlobalSection
EndGlobal
